
Microsoft Visual Studio Solution File, Format Version 12.00
# TcXaeShell Solution File, Format Version 11.00
VisualStudioVersion = 15.0.28307.1913
MinimumVisualStudioVersion = 10.0.40219.1
Project("{FE7A1B72-C5B7-4D7C-BB7D-76384D4DE8E1}") = "KMWE_Cleanroom_Connect_HMI", "KMWE_Cleanroom_Connect_HMI\KMWE_Cleanroom_Connect_HMI.hmiproj", "{F26B4364-2076-4811-A468-2EB87BAACF50}"
EndProject
Global
	GlobalSection(SolutionConfigurationPlatforms) = preSolution
		Debug|TwinCAT HMI = Debug|TwinCAT HMI
		Release|TwinCAT HMI = Release|TwinCAT HMI
	EndGlobalSection
	GlobalSection(ProjectConfigurationPlatforms) = postSolution
		{F26B4364-2076-4811-A468-2EB87BAACF50}.Debug|TwinCAT HMI.ActiveCfg = Debug|TwinCAT HMI
		{F26B4364-2076-4811-A468-2EB87BAACF50}.Debug|TwinCAT HMI.Build.0 = Debug|TwinCAT HMI
		{F26B4364-2076-4811-A468-2EB87BAACF50}.Release|TwinCAT HMI.ActiveCfg = Release|TwinCAT HMI
		{F26B4364-2076-4811-A468-2EB87BAACF50}.Release|TwinCAT HMI.Build.0 = Release|TwinCAT HMI
	EndGlobalSection
	GlobalSection(SolutionProperties) = preSolution
		HideSolutionNode = FALSE
	EndGlobalSection
	GlobalSection(ExtensibilityGlobals) = postSolution
		SolutionGuid = {15C625D7-A3AA-48DC-B557-6C2D35DA7FE1}
	EndGlobalSection
EndGlobal
