
Microsoft Visual Studio Solution File, Format Version 12.00
# TcXaeShell Solution File, Format Version 11.00
VisualStudioVersion = 15.0.28307.1913
MinimumVisualStudioVersion = 10.0.40219.1
Project("{7D049A34-F7A8-47F4-AF65-57433FD83A7E}") = "CleanroomConnect", "CleanroomConnect\CleanroomConnect.tcmdproj", "{14F7E172-66FC-41ED-80A5-ACB363BCE3A9}"
EndProject
Global
	GlobalSection(SolutionProperties) = preSolution
		HideSolutionNode = FALSE
	EndGlobalSection
	GlobalSection(ExtensibilityGlobals) = postSolution
		SolutionGuid = {915F607F-9073-4BD6-A73D-64094E062644}
	EndGlobalSection
EndGlobal
