
Microsoft Visual Studio Solution File, Format Version 12.00
# TcXaeShell Solution File, Format Version 11.00
VisualStudioVersion = 15.0.28307.1913
MinimumVisualStudioVersion = 10.0.40219.1
Project("{FE7A1B72-C5B7-4D7C-BB7D-76384D4DE8E1}") = "GenericPlatformHMI", "GenericPlatformHMI\GenericPlatformHMI.hmiproj", "{D400153D-2B59-481B-B4DE-EDD19B47521C}"
EndProject
Global
	GlobalSection(SolutionConfigurationPlatforms) = preSolution
		Debug|TwinCAT HMI = Debug|TwinCAT HMI
		Release|TwinCAT HMI = Release|TwinCAT HMI
	EndGlobalSection
	GlobalSection(ProjectConfigurationPlatforms) = postSolution
		{D400153D-2B59-481B-B4DE-EDD19B47521C}.Debug|TwinCAT HMI.ActiveCfg = Debug|TwinCAT HMI
		{D400153D-2B59-481B-B4DE-EDD19B47521C}.Debug|TwinCAT HMI.Build.0 = Debug|TwinCAT HMI
		{D400153D-2B59-481B-B4DE-EDD19B47521C}.Release|TwinCAT HMI.ActiveCfg = Release|TwinCAT HMI
		{D400153D-2B59-481B-B4DE-EDD19B47521C}.Release|TwinCAT HMI.Build.0 = Release|TwinCAT HMI
	EndGlobalSection
	GlobalSection(SolutionProperties) = preSolution
		HideSolutionNode = FALSE
	EndGlobalSection
	GlobalSection(ExtensibilityGlobals) = postSolution
		SolutionGuid = {9DE2F2C5-4A20-4560-AD47-C1DFBCD52C65}
	EndGlobalSection
EndGlobal
